{
  "name": "panel-demo",
  "version": "1.0.0",
  "lockfileVersion": 3,
  "requires": true,
  "packages": {
    "": {
      "name": "panel-demo",
      "version": "1.0.0",
      "dependencies": {
        "jspdf": "^2.5.1",
        "jspdf-autotable": "^3.8.2",
        "next": "14.2.3",
        "react": "18.2.0",
        "react-dom": "18.2.0",
        "xlsx": "^0.18.5"
      }
    },
    "node_modules/jspdf": {
      "version": "2.5.1",
      "resolved": "https://registry.npmjs.org/jspdf/-/jspdf-2.5.1.tgz",
      "integrity": "sha512-kEAZbCdb/0k1oAQF5aB3vlxT6YjE0wZoJ+vKpCNoS1lZbctXZoHTa3i9bHZMzD7xEr8mED0ML+aZmFHzO8vV8w=="
    },
    "node_modules/jspdf-autotable": {
      "version": "3.8.2",
      "resolved": "https://registry.npmjs.org/jspdf-autotable/-/jspdf-autotable-3.8.2.tgz",
      "integrity": "sha512-VmKxrHgPPTRSgWOD9C2+FkScYW7+NNly2p4+bb2Gje34v1kFq/ckHEyNG37WOKaD7CH8TiQL6rJphMHWbkHgkg==",
      "peerDependencies": {
        "jspdf": "^2.3.0"
      }
    },
    "node_modules/next": {
      "version": "14.2.3",
      "resolved": "https://registry.npmjs.org/next/-/next-14.2.3.tgz",
      "integrity": "sha512-gcfsJZtTSIhd9Ra4E4Ebup9DQ5W4r/4PojHRyU43GTR+aZ1Gsa8STTksTwAHqukq0u81eP4y+heebKUDoyJWgA==",
      "dependencies": {}
    },
    "node_modules/react": {
      "version": "18.2.0",
      "resolved": "https://registry.npmjs.org/react/-/react-18.2.0.tgz",
      "integrity": "sha512-6pLz5WjfsH5BLK4tF+tYX+bDe5DDr7iEj6MByoXyVx7wxckFAGzqvkl1hRj3VWB4RhsaDYsWwFz5YX1xxwF5lA=="
    },
    "node_modules/react-dom": {
      "version
